// !$*UTF8*$!
{
	archiveVersion = 1;
	classes = {
	};
	objectVersion = 46;
	objects = {

/* Begin PBXBuildFile section */
		20613F3B1E628C1D00FCC3FA /* DetailPageViewController.swift in Sources */ = {isa = PBXBuildFile; fileRef = 20D097BF1E597F53002F73D4 /* DetailPageViewController.swift */; };
		20613F3C1E628C1D00FCC3FA /* DayOfWeek.swift in Sources */ = {isa = PBXBuildFile; fileRef = 20C47B161E5739BE00C53FF1 /* DayOfWeek.swift */; };
		20613F3D1E628C1D00FCC3FA /* TimetableViewController.swift in Sources */ = {isa = PBXBuildFile; fileRef = 20C47B181E57436600C53FF1 /* TimetableViewController.swift */; };
		20613F3E1E628C1D00FCC3FA /* TimetableCell.swift in Sources */ = {isa = PBXBuildFile; fileRef = 20C745AE1E5EA9B400978A72 /* TimetableCell.swift */; };
		20613F3F1E628C1D00FCC3FA /* PeriodOfTime.swift in Sources */ = {isa = PBXBuildFile; fileRef = 20CBD4691E57F883006333C3 /* PeriodOfTime.swift */; };
		20613F441E628C1D00FCC3FA /* PeriodOfTime.xib in Resources */ = {isa = PBXBuildFile; fileRef = 20CBD4671E57F519006333C3 /* PeriodOfTime.xib */; };
		20613F451E628C1D00FCC3FA /* LaunchScreen.storyboard in Resources */ = {isa = PBXBuildFile; fileRef = 20BF1D521E546AD600D36C38 /* LaunchScreen.storyboard */; };
		20613F461E628C1D00FCC3FA /* Assets.xcassets in Resources */ = {isa = PBXBuildFile; fileRef = 20BF1D501E546AD600D36C38 /* Assets.xcassets */; };
		20613F471E628C1D00FCC3FA /* DayOfWeek.xib in Resources */ = {isa = PBXBuildFile; fileRef = 20C47B121E570F7700C53FF1 /* DayOfWeek.xib */; };
		20613F481E628C1D00FCC3FA /* BulletinBoard.storyboard in Resources */ = {isa = PBXBuildFile; fileRef = 20BF1D961E54795000D36C38 /* BulletinBoard.storyboard */; };
		20613F4A1E628C1D00FCC3FA /* Main.storyboard in Resources */ = {isa = PBXBuildFile; fileRef = 20BF1D4D1E546AD600D36C38 /* Main.storyboard */; };
		20613F4B1E628C1D00FCC3FA /* Setting.storyboard in Resources */ = {isa = PBXBuildFile; fileRef = 20BF1D9A1E54798900D36C38 /* Setting.storyboard */; };
		20613F561E628C2300FCC3FA /* DetailPageViewController.swift in Sources */ = {isa = PBXBuildFile; fileRef = 20D097BF1E597F53002F73D4 /* DetailPageViewController.swift */; };
		20613F571E628C2300FCC3FA /* DayOfWeek.swift in Sources */ = {isa = PBXBuildFile; fileRef = 20C47B161E5739BE00C53FF1 /* DayOfWeek.swift */; };
		20613F581E628C2300FCC3FA /* TimetableViewController.swift in Sources */ = {isa = PBXBuildFile; fileRef = 20C47B181E57436600C53FF1 /* TimetableViewController.swift */; };
		20613F591E628C2300FCC3FA /* TimetableCell.swift in Sources */ = {isa = PBXBuildFile; fileRef = 20C745AE1E5EA9B400978A72 /* TimetableCell.swift */; };
		20613F5A1E628C2300FCC3FA /* PeriodOfTime.swift in Sources */ = {isa = PBXBuildFile; fileRef = 20CBD4691E57F883006333C3 /* PeriodOfTime.swift */; };
		20613F5F1E628C2300FCC3FA /* PeriodOfTime.xib in Resources */ = {isa = PBXBuildFile; fileRef = 20CBD4671E57F519006333C3 /* PeriodOfTime.xib */; };
		20613F601E628C2300FCC3FA /* LaunchScreen.storyboard in Resources */ = {isa = PBXBuildFile; fileRef = 20BF1D521E546AD600D36C38 /* LaunchScreen.storyboard */; };
		20613F611E628C2300FCC3FA /* Assets.xcassets in Resources */ = {isa = PBXBuildFile; fileRef = 20BF1D501E546AD600D36C38 /* Assets.xcassets */; };
		20613F621E628C2300FCC3FA /* DayOfWeek.xib in Resources */ = {isa = PBXBuildFile; fileRef = 20C47B121E570F7700C53FF1 /* DayOfWeek.xib */; };
		20613F631E628C2300FCC3FA /* BulletinBoard.storyboard in Resources */ = {isa = PBXBuildFile; fileRef = 20BF1D961E54795000D36C38 /* BulletinBoard.storyboard */; };
		20613F651E628C2300FCC3FA /* Main.storyboard in Resources */ = {isa = PBXBuildFile; fileRef = 20BF1D4D1E546AD600D36C38 /* Main.storyboard */; };
		20613F661E628C2300FCC3FA /* Setting.storyboard in Resources */ = {isa = PBXBuildFile; fileRef = 20BF1D9A1E54798900D36C38 /* Setting.storyboard */; };
		20613F751E62969C00FCC3FA /* Config.swift in Sources */ = {isa = PBXBuildFile; fileRef = 20613F741E62969C00FCC3FA /* Config.swift */; };
		20613F781E6296FF00FCC3FA /* Api.plist in Resources */ = {isa = PBXBuildFile; fileRef = 20613F771E6296FF00FCC3FA /* Api.plist */; };
		20613F7A1E62972100FCC3FA /* DevApi.plist in Resources */ = {isa = PBXBuildFile; fileRef = 20613F791E62972100FCC3FA /* DevApi.plist */; };
		20613F7C1E62973200FCC3FA /* DemoApi.plist in Resources */ = {isa = PBXBuildFile; fileRef = 20613F7B1E62973200FCC3FA /* DemoApi.plist */; };
		206BC82B1E6C516F0089BA6B /* ClasstableCell.swift in Sources */ = {isa = PBXBuildFile; fileRef = 206BC82A1E6C516F0089BA6B /* ClasstableCell.swift */; };
		206BC82C1E6C516F0089BA6B /* ClasstableCell.swift in Sources */ = {isa = PBXBuildFile; fileRef = 206BC82A1E6C516F0089BA6B /* ClasstableCell.swift */; };
		206BC82D1E6C516F0089BA6B /* ClasstableCell.swift in Sources */ = {isa = PBXBuildFile; fileRef = 206BC82A1E6C516F0089BA6B /* ClasstableCell.swift */; };
		206BC82F1E6C51AA0089BA6B /* ClasstableCell.xib in Resources */ = {isa = PBXBuildFile; fileRef = 206BC82E1E6C51AA0089BA6B /* ClasstableCell.xib */; };
		206BC8301E6C51AA0089BA6B /* ClasstableCell.xib in Resources */ = {isa = PBXBuildFile; fileRef = 206BC82E1E6C51AA0089BA6B /* ClasstableCell.xib */; };
		206BC8311E6C51AA0089BA6B /* ClasstableCell.xib in Resources */ = {isa = PBXBuildFile; fileRef = 206BC82E1E6C51AA0089BA6B /* ClasstableCell.xib */; };
		2073EECD1EAA28ED00B571D3 /* KyutechRealm.swift in Sources */ = {isa = PBXBuildFile; fileRef = 2073EECC1EAA28ED00B571D3 /* KyutechRealm.swift */; };
		2073EECE1EAA28ED00B571D3 /* KyutechRealm.swift in Sources */ = {isa = PBXBuildFile; fileRef = 2073EECC1EAA28ED00B571D3 /* KyutechRealm.swift */; };
		2073EECF1EAA28ED00B571D3 /* KyutechRealm.swift in Sources */ = {isa = PBXBuildFile; fileRef = 2073EECC1EAA28ED00B571D3 /* KyutechRealm.swift */; };
		2076FA891E6FEE6A0054ACD9 /* UserTimetable.swift in Sources */ = {isa = PBXBuildFile; fileRef = 2076FA881E6FEE6A0054ACD9 /* UserTimetable.swift */; };
		2076FA8A1E6FEE6A0054ACD9 /* UserTimetable.swift in Sources */ = {isa = PBXBuildFile; fileRef = 2076FA881E6FEE6A0054ACD9 /* UserTimetable.swift */; };
		2076FA8B1E6FEE6A0054ACD9 /* UserTimetable.swift in Sources */ = {isa = PBXBuildFile; fileRef = 2076FA881E6FEE6A0054ACD9 /* UserTimetable.swift */; };
		20A41D161E63D64B00CC1826 /* Kyutechapp2017.swift in Sources */ = {isa = PBXBuildFile; fileRef = 20A41D151E63D64B00CC1826 /* Kyutechapp2017.swift */; };
		20A41D171E63D64B00CC1826 /* Kyutechapp2017.swift in Sources */ = {isa = PBXBuildFile; fileRef = 20A41D151E63D64B00CC1826 /* Kyutechapp2017.swift */; };
		20A41D181E63D64B00CC1826 /* Kyutechapp2017.swift in Sources */ = {isa = PBXBuildFile; fileRef = 20A41D151E63D64B00CC1826 /* Kyutechapp2017.swift */; };
		20BF1D4A1E546AD600D36C38 /* AppDelegate.swift in Sources */ = {isa = PBXBuildFile; fileRef = 20BF1D491E546AD600D36C38 /* AppDelegate.swift */; };
		20BF1D4F1E546AD600D36C38 /* Main.storyboard in Resources */ = {isa = PBXBuildFile; fileRef = 20BF1D4D1E546AD600D36C38 /* Main.storyboard */; };
		20BF1D511E546AD600D36C38 /* Assets.xcassets in Resources */ = {isa = PBXBuildFile; fileRef = 20BF1D501E546AD600D36C38 /* Assets.xcassets */; };
		20BF1D541E546AD600D36C38 /* LaunchScreen.storyboard in Resources */ = {isa = PBXBuildFile; fileRef = 20BF1D521E546AD600D36C38 /* LaunchScreen.storyboard */; };
		20BF1D5F1E546AD600D36C38 /* kyutechapp2017Tests.swift in Sources */ = {isa = PBXBuildFile; fileRef = 20BF1D5E1E546AD600D36C38 /* kyutechapp2017Tests.swift */; };
		20BF1D6A1E546AD600D36C38 /* kyutechapp2017UITests.swift in Sources */ = {isa = PBXBuildFile; fileRef = 20BF1D691E546AD600D36C38 /* kyutechapp2017UITests.swift */; };
		20BF1D971E54795000D36C38 /* BulletinBoard.storyboard in Resources */ = {isa = PBXBuildFile; fileRef = 20BF1D961E54795000D36C38 /* BulletinBoard.storyboard */; };
		20BF1D9B1E54798900D36C38 /* Setting.storyboard in Resources */ = {isa = PBXBuildFile; fileRef = 20BF1D9A1E54798900D36C38 /* Setting.storyboard */; };
		20C47B131E570F7700C53FF1 /* DayOfWeek.xib in Resources */ = {isa = PBXBuildFile; fileRef = 20C47B121E570F7700C53FF1 /* DayOfWeek.xib */; };
		20C47B171E5739BE00C53FF1 /* DayOfWeek.swift in Sources */ = {isa = PBXBuildFile; fileRef = 20C47B161E5739BE00C53FF1 /* DayOfWeek.swift */; };
		20C47B191E57436600C53FF1 /* TimetableViewController.swift in Sources */ = {isa = PBXBuildFile; fileRef = 20C47B181E57436600C53FF1 /* TimetableViewController.swift */; };
		20C745AF1E5EA9B400978A72 /* TimetableCell.swift in Sources */ = {isa = PBXBuildFile; fileRef = 20C745AE1E5EA9B400978A72 /* TimetableCell.swift */; };
		20CBD4681E57F519006333C3 /* PeriodOfTime.xib in Resources */ = {isa = PBXBuildFile; fileRef = 20CBD4671E57F519006333C3 /* PeriodOfTime.xib */; };
		20CBD46A1E57F883006333C3 /* PeriodOfTime.swift in Sources */ = {isa = PBXBuildFile; fileRef = 20CBD4691E57F883006333C3 /* PeriodOfTime.swift */; };
		20D097C01E597F53002F73D4 /* DetailPageViewController.swift in Sources */ = {isa = PBXBuildFile; fileRef = 20D097BF1E597F53002F73D4 /* DetailPageViewController.swift */; };
		20D5E1191EBF606100AC814B /* UserSetting.swift in Sources */ = {isa = PBXBuildFile; fileRef = 20D5E1181EBF606100AC814B /* UserSetting.swift */; };
		20D5E11A1EBF606100AC814B /* UserSetting.swift in Sources */ = {isa = PBXBuildFile; fileRef = 20D5E1181EBF606100AC814B /* UserSetting.swift */; };
		20D5E11B1EBF606100AC814B /* UserSetting.swift in Sources */ = {isa = PBXBuildFile; fileRef = 20D5E1181EBF606100AC814B /* UserSetting.swift */; };
		20F03E0C1E654F9F002A3480 /* Config.swift in Sources */ = {isa = PBXBuildFile; fileRef = 20613F741E62969C00FCC3FA /* Config.swift */; };
		20F03E0D1E654F9F002A3480 /* Config.swift in Sources */ = {isa = PBXBuildFile; fileRef = 20613F741E62969C00FCC3FA /* Config.swift */; };
		20F03E111E655021002A3480 /* Timetable.storyboard in Resources */ = {isa = PBXBuildFile; fileRef = 20BF1D981E54795E00D36C38 /* Timetable.storyboard */; };
		20F03E121E655022002A3480 /* Timetable.storyboard in Resources */ = {isa = PBXBuildFile; fileRef = 20BF1D981E54795E00D36C38 /* Timetable.storyboard */; };
		20F03E131E655023002A3480 /* Timetable.storyboard in Resources */ = {isa = PBXBuildFile; fileRef = 20BF1D981E54795E00D36C38 /* Timetable.storyboard */; };
		2257B15CE642EF34842751B0 /* Pods_kyutechapp2017.framework in Frameworks */ = {isa = PBXBuildFile; fileRef = 2C54935265C3425CC1D9B608 /* Pods_kyutechapp2017.framework */; };
		33394EC2489E9699F0A03739 /* Pods_kyutechapp2017UITests.framework in Frameworks */ = {isa = PBXBuildFile; fileRef = 491DC7FFDDF3797811D3C458 /* Pods_kyutechapp2017UITests.framework */; };
		E63AEE201E68441E00C20F4A /* DetailViewController.swift in Sources */ = {isa = PBXBuildFile; fileRef = E63AEE1F1E68441E00C20F4A /* DetailViewController.swift */; };
		E643D71D1E648A68003F540A /* CategoryButtonModel.swift in Sources */ = {isa = PBXBuildFile; fileRef = E643D71C1E648A68003F540A /* CategoryButtonModel.swift */; };
		E64E21891E598C6C00527DC5 /* BulletinBoardViewController.swift in Sources */ = {isa = PBXBuildFile; fileRef = E64E21881E598C6C00527DC5 /* BulletinBoardViewController.swift */; };
		E69CC0071EEAD0F4005A5713 /* Router.swift in Sources */ = {isa = PBXBuildFile; fileRef = E69CC0061EEAD0F4005A5713 /* Router.swift */; };
		E69CC0091EEAD121005A5713 /* APIService.swift in Sources */ = {isa = PBXBuildFile; fileRef = E69CC0081EEAD121005A5713 /* APIService.swift */; };
		E6B26B331EA4C8510062B5C0 /* Bulletin.swift in Sources */ = {isa = PBXBuildFile; fileRef = E6B26B321EA4C8510062B5C0 /* Bulletin.swift */; };
		E6B26B351EA4CFA70062B5C0 /* BulletinModel.swift in Sources */ = {isa = PBXBuildFile; fileRef = E6B26B341EA4CFA70062B5C0 /* BulletinModel.swift */; };
		E6BA5F271F011C53008C4A37 /* ColorManager.swift in Sources */ = {isa = PBXBuildFile; fileRef = E6BA5F261F011C53008C4A37 /* ColorManager.swift */; };
		E6F4E5C71E76528B0049E007 /* DetailCell.swift in Sources */ = {isa = PBXBuildFile; fileRef = E6F4E5C61E76528B0049E007 /* DetailCell.swift */; };
		E6F4E5C91E765B1D0049E007 /* FoldingCell.swift in Sources */ = {isa = PBXBuildFile; fileRef = E6F4E5C81E765B1D0049E007 /* FoldingCell.swift */; };
		F69140E58E0A0AF0442AEDBA /* Pods_kyutechapp2017Tests.framework in Frameworks */ = {isa = PBXBuildFile; fileRef = 1BECC88191FF389BFE51FE2C /* Pods_kyutechapp2017Tests.framework */; };
/* End PBXBuildFile section */

/* Begin PBXContainerItemProxy section */
		20BF1D5B1E546AD600D36C38 /* PBXContainerItemProxy */ = {
			isa = PBXContainerItemProxy;
			containerPortal = 20BF1D3E1E546AD600D36C38 /* Project object */;
			proxyType = 1;
			remoteGlobalIDString = 20BF1D451E546AD600D36C38;
			remoteInfo = kyutechapp2017;
		};
		20BF1D661E546AD600D36C38 /* PBXContainerItemProxy */ = {
			isa = PBXContainerItemProxy;
			containerPortal = 20BF1D3E1E546AD600D36C38 /* Project object */;
			proxyType = 1;
			remoteGlobalIDString = 20BF1D451E546AD600D36C38;
			remoteInfo = kyutechapp2017;
		};
/* End PBXContainerItemProxy section */

/* Begin PBXFileReference section */
		0C274BEE76854B0948CC3B92 /* Pods-kyutechapp2017Tests.release.xcconfig */ = {isa = PBXFileReference; includeInIndex = 1; lastKnownFileType = text.xcconfig; name = "Pods-kyutechapp2017Tests.release.xcconfig"; path = "Pods/Target Support Files/Pods-kyutechapp2017Tests/Pods-kyutechapp2017Tests.release.xcconfig"; sourceTree = "<group>"; };
		1BECC88191FF389BFE51FE2C /* Pods_kyutechapp2017Tests.framework */ = {isa = PBXFileReference; explicitFileType = wrapper.framework; includeInIndex = 0; path = Pods_kyutechapp2017Tests.framework; sourceTree = BUILT_PRODUCTS_DIR; };
		1D3E9EE4B8F3545C40B579DF /* Pods-kyutechapp2017UITests.release.xcconfig */ = {isa = PBXFileReference; includeInIndex = 1; lastKnownFileType = text.xcconfig; name = "Pods-kyutechapp2017UITests.release.xcconfig"; path = "Pods/Target Support Files/Pods-kyutechapp2017UITests/Pods-kyutechapp2017UITests.release.xcconfig"; sourceTree = "<group>"; };
		20613F511E628C1D00FCC3FA /* dev-kyutechapp2017.app */ = {isa = PBXFileReference; explicitFileType = wrapper.application; includeInIndex = 0; path = "dev-kyutechapp2017.app"; sourceTree = BUILT_PRODUCTS_DIR; };
		20613F6C1E628C2300FCC3FA /* demo-kyutechapp2017.app */ = {isa = PBXFileReference; explicitFileType = wrapper.application; includeInIndex = 0; path = "demo-kyutechapp2017.app"; sourceTree = BUILT_PRODUCTS_DIR; };
		20613F701E628DA000FCC3FA /* dev-kyutechapp2017.plist */ = {isa = PBXFileReference; fileEncoding = 4; lastKnownFileType = text.plist.xml; path = "dev-kyutechapp2017.plist"; sourceTree = "<group>"; };
		20613F721E628DAD00FCC3FA /* demo-kyutechapp2017.plist */ = {isa = PBXFileReference; fileEncoding = 4; lastKnownFileType = text.plist.xml; path = "demo-kyutechapp2017.plist"; sourceTree = "<group>"; };
		20613F741E62969C00FCC3FA /* Config.swift */ = {isa = PBXFileReference; fileEncoding = 4; lastKnownFileType = sourcecode.swift; path = Config.swift; sourceTree = "<group>"; };
		20613F771E6296FF00FCC3FA /* Api.plist */ = {isa = PBXFileReference; fileEncoding = 4; lastKnownFileType = text.plist.xml; path = Api.plist; sourceTree = "<group>"; };
		20613F791E62972100FCC3FA /* DevApi.plist */ = {isa = PBXFileReference; fileEncoding = 4; lastKnownFileType = text.plist.xml; path = DevApi.plist; sourceTree = "<group>"; };
		20613F7B1E62973200FCC3FA /* DemoApi.plist */ = {isa = PBXFileReference; fileEncoding = 4; lastKnownFileType = text.plist.xml; path = DemoApi.plist; sourceTree = "<group>"; };
		206BC82A1E6C516F0089BA6B /* ClasstableCell.swift */ = {isa = PBXFileReference; fileEncoding = 4; lastKnownFileType = sourcecode.swift; path = ClasstableCell.swift; sourceTree = "<group>"; };
		206BC82E1E6C51AA0089BA6B /* ClasstableCell.xib */ = {isa = PBXFileReference; fileEncoding = 4; lastKnownFileType = file.xib; path = ClasstableCell.xib; sourceTree = "<group>"; };
		2073EECC1EAA28ED00B571D3 /* KyutechRealm.swift */ = {isa = PBXFileReference; fileEncoding = 4; lastKnownFileType = sourcecode.swift; path = KyutechRealm.swift; sourceTree = "<group>"; };
		2076FA881E6FEE6A0054ACD9 /* UserTimetable.swift */ = {isa = PBXFileReference; fileEncoding = 4; lastKnownFileType = sourcecode.swift; path = UserTimetable.swift; sourceTree = "<group>"; };
		20A41D151E63D64B00CC1826 /* Kyutechapp2017.swift */ = {isa = PBXFileReference; fileEncoding = 4; lastKnownFileType = sourcecode.swift; path = Kyutechapp2017.swift; sourceTree = "<group>"; };
		20BF1D461E546AD600D36C38 /* kyutechapp2017.app */ = {isa = PBXFileReference; explicitFileType = wrapper.application; includeInIndex = 0; path = kyutechapp2017.app; sourceTree = BUILT_PRODUCTS_DIR; };
		20BF1D491E546AD600D36C38 /* AppDelegate.swift */ = {isa = PBXFileReference; lastKnownFileType = sourcecode.swift; path = AppDelegate.swift; sourceTree = "<group>"; };
		20BF1D4E1E546AD600D36C38 /* Base */ = {isa = PBXFileReference; lastKnownFileType = file.storyboard; name = Base; path = Base.lproj/Main.storyboard; sourceTree = "<group>"; };
		20BF1D501E546AD600D36C38 /* Assets.xcassets */ = {isa = PBXFileReference; lastKnownFileType = folder.assetcatalog; path = Assets.xcassets; sourceTree = "<group>"; };
		20BF1D531E546AD600D36C38 /* Base */ = {isa = PBXFileReference; lastKnownFileType = file.storyboard; name = Base; path = Base.lproj/LaunchScreen.storyboard; sourceTree = "<group>"; };
		20BF1D551E546AD600D36C38 /* Info.plist */ = {isa = PBXFileReference; lastKnownFileType = text.plist.xml; path = Info.plist; sourceTree = "<group>"; };
		20BF1D5A1E546AD600D36C38 /* kyutechapp2017Tests.xctest */ = {isa = PBXFileReference; explicitFileType = wrapper.cfbundle; includeInIndex = 0; path = kyutechapp2017Tests.xctest; sourceTree = BUILT_PRODUCTS_DIR; };
		20BF1D5E1E546AD600D36C38 /* kyutechapp2017Tests.swift */ = {isa = PBXFileReference; lastKnownFileType = sourcecode.swift; path = kyutechapp2017Tests.swift; sourceTree = "<group>"; };
		20BF1D601E546AD600D36C38 /* Info.plist */ = {isa = PBXFileReference; lastKnownFileType = text.plist.xml; path = Info.plist; sourceTree = "<group>"; };
		20BF1D651E546AD600D36C38 /* kyutechapp2017UITests.xctest */ = {isa = PBXFileReference; explicitFileType = wrapper.cfbundle; includeInIndex = 0; path = kyutechapp2017UITests.xctest; sourceTree = BUILT_PRODUCTS_DIR; };
		20BF1D691E546AD600D36C38 /* kyutechapp2017UITests.swift */ = {isa = PBXFileReference; lastKnownFileType = sourcecode.swift; path = kyutechapp2017UITests.swift; sourceTree = "<group>"; };
		20BF1D6B1E546AD600D36C38 /* Info.plist */ = {isa = PBXFileReference; lastKnownFileType = text.plist.xml; path = Info.plist; sourceTree = "<group>"; };
		20BF1D961E54795000D36C38 /* BulletinBoard.storyboard */ = {isa = PBXFileReference; fileEncoding = 4; lastKnownFileType = file.storyboard; path = BulletinBoard.storyboard; sourceTree = "<group>"; };
		20BF1D981E54795E00D36C38 /* Timetable.storyboard */ = {isa = PBXFileReference; fileEncoding = 4; lastKnownFileType = file.storyboard; path = Timetable.storyboard; sourceTree = "<group>"; };
		20BF1D9A1E54798900D36C38 /* Setting.storyboard */ = {isa = PBXFileReference; fileEncoding = 4; lastKnownFileType = file.storyboard; path = Setting.storyboard; sourceTree = "<group>"; };
		20C47B121E570F7700C53FF1 /* DayOfWeek.xib */ = {isa = PBXFileReference; fileEncoding = 4; lastKnownFileType = file.xib; path = DayOfWeek.xib; sourceTree = "<group>"; };
		20C47B161E5739BE00C53FF1 /* DayOfWeek.swift */ = {isa = PBXFileReference; fileEncoding = 4; lastKnownFileType = sourcecode.swift; path = DayOfWeek.swift; sourceTree = "<group>"; };
		20C47B181E57436600C53FF1 /* TimetableViewController.swift */ = {isa = PBXFileReference; fileEncoding = 4; lastKnownFileType = sourcecode.swift; path = TimetableViewController.swift; sourceTree = "<group>"; };
		20C745AE1E5EA9B400978A72 /* TimetableCell.swift */ = {isa = PBXFileReference; fileEncoding = 4; lastKnownFileType = sourcecode.swift; path = TimetableCell.swift; sourceTree = "<group>"; };
		20CBD4671E57F519006333C3 /* PeriodOfTime.xib */ = {isa = PBXFileReference; fileEncoding = 4; lastKnownFileType = file.xib; path = PeriodOfTime.xib; sourceTree = "<group>"; };
		20CBD4691E57F883006333C3 /* PeriodOfTime.swift */ = {isa = PBXFileReference; fileEncoding = 4; lastKnownFileType = sourcecode.swift; path = PeriodOfTime.swift; sourceTree = "<group>"; };
		20D097BF1E597F53002F73D4 /* DetailPageViewController.swift */ = {isa = PBXFileReference; fileEncoding = 4; lastKnownFileType = sourcecode.swift; path = DetailPageViewController.swift; sourceTree = "<group>"; };
		20D5E1181EBF606100AC814B /* UserSetting.swift */ = {isa = PBXFileReference; fileEncoding = 4; lastKnownFileType = sourcecode.swift; path = UserSetting.swift; sourceTree = "<group>"; };
		2C54935265C3425CC1D9B608 /* Pods_kyutechapp2017.framework */ = {isa = PBXFileReference; explicitFileType = wrapper.framework; includeInIndex = 0; path = Pods_kyutechapp2017.framework; sourceTree = BUILT_PRODUCTS_DIR; };
		491DC7FFDDF3797811D3C458 /* Pods_kyutechapp2017UITests.framework */ = {isa = PBXFileReference; explicitFileType = wrapper.framework; includeInIndex = 0; path = Pods_kyutechapp2017UITests.framework; sourceTree = BUILT_PRODUCTS_DIR; };
		509D623E1032D1DE252D8BA1 /* Pods-kyutechapp2017.release.xcconfig */ = {isa = PBXFileReference; includeInIndex = 1; lastKnownFileType = text.xcconfig; name = "Pods-kyutechapp2017.release.xcconfig"; path = "Pods/Target Support Files/Pods-kyutechapp2017/Pods-kyutechapp2017.release.xcconfig"; sourceTree = "<group>"; };
		6A823575E550BFC38C3114FA /* Pods-kyutechapp2017UITests.debug.xcconfig */ = {isa = PBXFileReference; includeInIndex = 1; lastKnownFileType = text.xcconfig; name = "Pods-kyutechapp2017UITests.debug.xcconfig"; path = "Pods/Target Support Files/Pods-kyutechapp2017UITests/Pods-kyutechapp2017UITests.debug.xcconfig"; sourceTree = "<group>"; };
		728A5A54CA0DABEB61D44F37 /* Pods-kyutechapp2017.debug.xcconfig */ = {isa = PBXFileReference; includeInIndex = 1; lastKnownFileType = text.xcconfig; name = "Pods-kyutechapp2017.debug.xcconfig"; path = "Pods/Target Support Files/Pods-kyutechapp2017/Pods-kyutechapp2017.debug.xcconfig"; sourceTree = "<group>"; };
		862A9C6A674B073DE2B58D15 /* Pods-kyutechapp2017Tests.debug.xcconfig */ = {isa = PBXFileReference; includeInIndex = 1; lastKnownFileType = text.xcconfig; name = "Pods-kyutechapp2017Tests.debug.xcconfig"; path = "Pods/Target Support Files/Pods-kyutechapp2017Tests/Pods-kyutechapp2017Tests.debug.xcconfig"; sourceTree = "<group>"; };
		E63AEE1F1E68441E00C20F4A /* DetailViewController.swift */ = {isa = PBXFileReference; fileEncoding = 4; lastKnownFileType = sourcecode.swift; path = DetailViewController.swift; sourceTree = "<group>"; };
		E643D71C1E648A68003F540A /* CategoryButtonModel.swift */ = {isa = PBXFileReference; fileEncoding = 4; lastKnownFileType = sourcecode.swift; path = CategoryButtonModel.swift; sourceTree = "<group>"; };
		E64E21881E598C6C00527DC5 /* BulletinBoardViewController.swift */ = {isa = PBXFileReference; fileEncoding = 4; lastKnownFileType = sourcecode.swift; path = BulletinBoardViewController.swift; sourceTree = "<group>"; };
		E69CC0061EEAD0F4005A5713 /* Router.swift */ = {isa = PBXFileReference; fileEncoding = 4; lastKnownFileType = sourcecode.swift; path = Router.swift; sourceTree = "<group>"; };
		E69CC0081EEAD121005A5713 /* APIService.swift */ = {isa = PBXFileReference; fileEncoding = 4; lastKnownFileType = sourcecode.swift; path = APIService.swift; sourceTree = "<group>"; };
		E6B26B321EA4C8510062B5C0 /* Bulletin.swift */ = {isa = PBXFileReference; fileEncoding = 4; lastKnownFileType = sourcecode.swift; path = Bulletin.swift; sourceTree = "<group>"; };
		E6B26B341EA4CFA70062B5C0 /* BulletinModel.swift */ = {isa = PBXFileReference; fileEncoding = 4; lastKnownFileType = sourcecode.swift; path = BulletinModel.swift; sourceTree = "<group>"; };
		E6BA5F261F011C53008C4A37 /* ColorManager.swift */ = {isa = PBXFileReference; fileEncoding = 4; lastKnownFileType = sourcecode.swift; path = ColorManager.swift; sourceTree = "<group>"; };
		E6F4E5C61E76528B0049E007 /* DetailCell.swift */ = {isa = PBXFileReference; fileEncoding = 4; lastKnownFileType = sourcecode.swift; path = DetailCell.swift; sourceTree = "<group>"; };
		E6F4E5C81E765B1D0049E007 /* FoldingCell.swift */ = {isa = PBXFileReference; fileEncoding = 4; lastKnownFileType = sourcecode.swift; path = FoldingCell.swift; sourceTree = "<group>"; };
/* End PBXFileReference section */

/* Begin PBXFrameworksBuildPhase section */
		20613F411E628C1D00FCC3FA /* Frameworks */ = {
			isa = PBXFrameworksBuildPhase;
			buildActionMask = 2147483647;
			files = (
			);
			runOnlyForDeploymentPostprocessing = 0;
		};
		20613F5C1E628C2300FCC3FA /* Frameworks */ = {
			isa = PBXFrameworksBuildPhase;
			buildActionMask = 2147483647;
			files = (
			);
			runOnlyForDeploymentPostprocessing = 0;
		};
		20BF1D431E546AD600D36C38 /* Frameworks */ = {
			isa = PBXFrameworksBuildPhase;
			buildActionMask = 2147483647;
			files = (
				2257B15CE642EF34842751B0 /* Pods_kyutechapp2017.framework in Frameworks */,
			);
			runOnlyForDeploymentPostprocessing = 0;
		};
		20BF1D571E546AD600D36C38 /* Frameworks */ = {
			isa = PBXFrameworksBuildPhase;
			buildActionMask = 2147483647;
			files = (
				F69140E58E0A0AF0442AEDBA /* Pods_kyutechapp2017Tests.framework in Frameworks */,
			);
			runOnlyForDeploymentPostprocessing = 0;
		};
		20BF1D621E546AD600D36C38 /* Frameworks */ = {
			isa = PBXFrameworksBuildPhase;
			buildActionMask = 2147483647;
			files = (
				33394EC2489E9699F0A03739 /* Pods_kyutechapp2017UITests.framework in Frameworks */,
			);
			runOnlyForDeploymentPostprocessing = 0;
		};
/* End PBXFrameworksBuildPhase section */

/* Begin PBXGroup section */
		20613F761E6296DB00FCC3FA /* API */ = {
			isa = PBXGroup;
			children = (
				20613F771E6296FF00FCC3FA /* Api.plist */,
				20613F791E62972100FCC3FA /* DevApi.plist */,
				20613F7B1E62973200FCC3FA /* DemoApi.plist */,
			);
			name = API;
			sourceTree = "<group>";
		};
		20613F7D1E62981C00FCC3FA /* Info */ = {
			isa = PBXGroup;
			children = (
				20BF1D551E546AD600D36C38 /* Info.plist */,
				20613F701E628DA000FCC3FA /* dev-kyutechapp2017.plist */,
				20613F721E628DAD00FCC3FA /* demo-kyutechapp2017.plist */,
			);
			name = Info;
			sourceTree = "<group>";
		};
		20613F7F1E62FD5200FCC3FA /* BulletinBoard */ = {
			isa = PBXGroup;
			children = (
				E6BA5F261F011C53008C4A37 /* ColorManager.swift */,
			);
			name = BulletinBoard;
			sourceTree = "<group>";
		};
		20BF1D3D1E546AD600D36C38 = {
			isa = PBXGroup;
			children = (
				20BF1D481E546AD600D36C38 /* kyutechapp2017 */,
				20BF1D5D1E546AD600D36C38 /* kyutechapp2017Tests */,
				20BF1D681E546AD600D36C38 /* kyutechapp2017UITests */,
				20BF1D471E546AD600D36C38 /* Products */,
				DE4421695142AF42372EBCEB /* Pods */,
				A16C10464AB2B03AC166D049 /* Frameworks */,
			);
			sourceTree = "<group>";
		};
		20BF1D471E546AD600D36C38 /* Products */ = {
			isa = PBXGroup;
			children = (
				20BF1D461E546AD600D36C38 /* kyutechapp2017.app */,
				20BF1D5A1E546AD600D36C38 /* kyutechapp2017Tests.xctest */,
				20BF1D651E546AD600D36C38 /* kyutechapp2017UITests.xctest */,
				20613F511E628C1D00FCC3FA /* dev-kyutechapp2017.app */,
				20613F6C1E628C2300FCC3FA /* demo-kyutechapp2017.app */,
			);
			name = Products;
			sourceTree = "<group>";
		};
		20BF1D481E546AD600D36C38 /* kyutechapp2017 */ = {
			isa = PBXGroup;
			children = (
				20BF1D771E546ADE00D36C38 /* Classes */,
				20BF1D791E546AF400D36C38 /* Resources */,
				20BF1D811E546B6400D36C38 /* Supporting Files */,
			);
			path = kyutechapp2017;
			sourceTree = "<group>";
		};
		20BF1D5D1E546AD600D36C38 /* kyutechapp2017Tests */ = {
			isa = PBXGroup;
			children = (
				20BF1D5E1E546AD600D36C38 /* kyutechapp2017Tests.swift */,
				20BF1D601E546AD600D36C38 /* Info.plist */,
			);
			path = kyutechapp2017Tests;
			sourceTree = "<group>";
		};
		20BF1D681E546AD600D36C38 /* kyutechapp2017UITests */ = {
			isa = PBXGroup;
			children = (
				20BF1D691E546AD600D36C38 /* kyutechapp2017UITests.swift */,
				20BF1D6B1E546AD600D36C38 /* Info.plist */,
			);
			path = kyutechapp2017UITests;
			sourceTree = "<group>";
		};
		20BF1D771E546ADE00D36C38 /* Classes */ = {
			isa = PBXGroup;
			children = (
				20BF1D491E546AD600D36C38 /* AppDelegate.swift */,
				20BF1D7B1E546B1A00D36C38 /* Utility */,
				20BF1D7C1E546B2400D36C38 /* Config */,
				20BF1D7D1E546B3D00D36C38 /* Model */,
				20BF1D7F1E546B4900D36C38 /* View */,
				20BF1D801E546B4E00D36C38 /* Controller */,
				20BF1D821E546BB200D36C38 /* Layout */,
			);
			name = Classes;
			sourceTree = "<group>";
		};
		20BF1D791E546AF400D36C38 /* Resources */ = {
			isa = PBXGroup;
			children = (
				20BF1D501E546AD600D36C38 /* Assets.xcassets */,
				20BF1D7A1E546B0800D36C38 /* font */,
			);
			name = Resources;
			sourceTree = "<group>";
		};
		20BF1D7A1E546B0800D36C38 /* font */ = {
			isa = PBXGroup;
			children = (
			);
			name = font;
			sourceTree = "<group>";
		};
		20BF1D7B1E546B1A00D36C38 /* Utility */ = {
			isa = PBXGroup;
			children = (
				E69CC0061EEAD0F4005A5713 /* Router.swift */,
				E69CC0081EEAD121005A5713 /* APIService.swift */,
			);
			name = Utility;
			sourceTree = "<group>";
		};
		20BF1D7C1E546B2400D36C38 /* Config */ = {
			isa = PBXGroup;
			children = (
				20613F7D1E62981C00FCC3FA /* Info */,
				20613F761E6296DB00FCC3FA /* API */,
				20613F7F1E62FD5200FCC3FA /* BulletinBoard */,
				20BF1D941E546CF200D36C38 /* Timetable */,
				20BF1D951E546CFA00D36C38 /* Setting */,
				20613F741E62969C00FCC3FA /* Config.swift */,
				20A41D151E63D64B00CC1826 /* Kyutechapp2017.swift */,
			);
			name = Config;
			sourceTree = "<group>";
		};
		20BF1D7D1E546B3D00D36C38 /* Model */ = {
			isa = PBXGroup;
			children = (
				20BF1D8D1E546C9A00D36C38 /* BulletinBoard */,
				20BF1D8E1E546CA700D36C38 /* Timetable */,
				20BF1D8F1E546CB100D36C38 /* Setting */,
				20BF1D7E1E546B4200D36C38 /* Entity */,
				2073EECC1EAA28ED00B571D3 /* KyutechRealm.swift */,
			);
			name = Model;
			sourceTree = "<group>";
		};
		20BF1D7E1E546B4200D36C38 /* Entity */ = {
			isa = PBXGroup;
			children = (
				20BF1D901E546CBB00D36C38 /* BulletinBoard */,
				20BF1D911E546CC400D36C38 /* Timetable */,
				20BF1D921E546CCC00D36C38 /* Setting */,
			);
			name = Entity;
			sourceTree = "<group>";
		};
		20BF1D7F1E546B4900D36C38 /* View */ = {
			isa = PBXGroup;
			children = (
				20BF1D8A1E546C6C00D36C38 /* BulletinBoard */,
				20BF1D8B1E546C7400D36C38 /* Timetable */,
				20BF1D8C1E546C7D00D36C38 /* Setting */,
			);
			name = View;
			sourceTree = "<group>";
		};
		20BF1D801E546B4E00D36C38 /* Controller */ = {
			isa = PBXGroup;
			children = (
				20BF1D871E546C4700D36C38 /* BulletinBoard */,
				20BF1D881E546C5300D36C38 /* Timetable */,
				20BF1D891E546C5E00D36C38 /* Setting */,
			);
			name = Controller;
			sourceTree = "<group>";
		};
		20BF1D811E546B6400D36C38 /* Supporting Files */ = {
			isa = PBXGroup;
			children = (
			);
			name = "Supporting Files";
			sourceTree = "<group>";
		};
		20BF1D821E546BB200D36C38 /* Layout */ = {
			isa = PBXGroup;
			children = (
				20BF1D521E546AD600D36C38 /* LaunchScreen.storyboard */,
				20BF1D4D1E546AD600D36C38 /* Main.storyboard */,
				20BF1D841E546C1300D36C38 /* BulletinBoard */,
				20BF1D851E546C2800D36C38 /* Timetable */,
				20BF1D861E546C3900D36C38 /* Setting */,
			);
			name = Layout;
			sourceTree = "<group>";
		};
		20BF1D841E546C1300D36C38 /* BulletinBoard */ = {
			isa = PBXGroup;
			children = (
				20BF1D961E54795000D36C38 /* BulletinBoard.storyboard */,
			);
			name = BulletinBoard;
			sourceTree = "<group>";
		};
		20BF1D851E546C2800D36C38 /* Timetable */ = {
			isa = PBXGroup;
			children = (
				20BF1D981E54795E00D36C38 /* Timetable.storyboard */,
				20C47B121E570F7700C53FF1 /* DayOfWeek.xib */,
				20CBD4671E57F519006333C3 /* PeriodOfTime.xib */,
				206BC82E1E6C51AA0089BA6B /* ClasstableCell.xib */,
			);
			name = Timetable;
			sourceTree = "<group>";
		};
		20BF1D861E546C3900D36C38 /* Setting */ = {
			isa = PBXGroup;
			children = (
				20BF1D9A1E54798900D36C38 /* Setting.storyboard */,
			);
			name = Setting;
			sourceTree = "<group>";
		};
		20BF1D871E546C4700D36C38 /* BulletinBoard */ = {
			isa = PBXGroup;
			children = (
				E64E21881E598C6C00527DC5 /* BulletinBoardViewController.swift */,
				E63AEE1F1E68441E00C20F4A /* DetailViewController.swift */,
			);
			name = BulletinBoard;
			sourceTree = "<group>";
		};
		20BF1D881E546C5300D36C38 /* Timetable */ = {
			isa = PBXGroup;
			children = (
				20C47B181E57436600C53FF1 /* TimetableViewController.swift */,
				20D097BF1E597F53002F73D4 /* DetailPageViewController.swift */,
			);
			name = Timetable;
			sourceTree = "<group>";
		};
		20BF1D891E546C5E00D36C38 /* Setting */ = {
			isa = PBXGroup;
			children = (
			);
			name = Setting;
			sourceTree = "<group>";
		};
		20BF1D8A1E546C6C00D36C38 /* BulletinBoard */ = {
			isa = PBXGroup;
			children = (
				E643D71C1E648A68003F540A /* CategoryButtonModel.swift */,
				E6F4E5C61E76528B0049E007 /* DetailCell.swift */,
			);
			name = BulletinBoard;
			sourceTree = "<group>";
		};
		20BF1D8B1E546C7400D36C38 /* Timetable */ = {
			isa = PBXGroup;
			children = (
				20C47B161E5739BE00C53FF1 /* DayOfWeek.swift */,
				20CBD4691E57F883006333C3 /* PeriodOfTime.swift */,
				20C745AE1E5EA9B400978A72 /* TimetableCell.swift */,
				206BC82A1E6C516F0089BA6B /* ClasstableCell.swift */,
			);
			name = Timetable;
			sourceTree = "<group>";
		};
		20BF1D8C1E546C7D00D36C38 /* Setting */ = {
			isa = PBXGroup;
			children = (
			);
			name = Setting;
			sourceTree = "<group>";
		};
		20BF1D8D1E546C9A00D36C38 /* BulletinBoard */ = {
			isa = PBXGroup;
			children = (
				E6F4E5C81E765B1D0049E007 /* FoldingCell.swift */,
				E6B26B341EA4CFA70062B5C0 /* BulletinModel.swift */,
			);
			name = BulletinBoard;
			sourceTree = "<group>";
		};
		20BF1D8E1E546CA700D36C38 /* Timetable */ = {
			isa = PBXGroup;
			children = (
			);
			name = Timetable;
			sourceTree = "<group>";
		};
		20BF1D8F1E546CB100D36C38 /* Setting */ = {
			isa = PBXGroup;
			children = (
			);
			name = Setting;
			sourceTree = "<group>";
		};
		20BF1D901E546CBB00D36C38 /* BulletinBoard */ = {
			isa = PBXGroup;
			children = (
				E6B26B321EA4C8510062B5C0 /* Bulletin.swift */,
			);
			name = BulletinBoard;
			sourceTree = "<group>";
		};
		20BF1D911E546CC400D36C38 /* Timetable */ = {
			isa = PBXGroup;
			children = (
				2076FA881E6FEE6A0054ACD9 /* UserTimetable.swift */,
				20D5E1181EBF606100AC814B /* UserSetting.swift */,
			);
			name = Timetable;
			sourceTree = "<group>";
		};
		20BF1D921E546CCC00D36C38 /* Setting */ = {
			isa = PBXGroup;
			children = (
			);
			name = Setting;
			sourceTree = "<group>";
		};
		20BF1D941E546CF200D36C38 /* Timetable */ = {
			isa = PBXGroup;
			children = (
			);
			name = Timetable;
			sourceTree = "<group>";
		};
		20BF1D951E546CFA00D36C38 /* Setting */ = {
			isa = PBXGroup;
			children = (
			);
			name = Setting;
			sourceTree = "<group>";
		};
		A16C10464AB2B03AC166D049 /* Frameworks */ = {
			isa = PBXGroup;
			children = (
				2C54935265C3425CC1D9B608 /* Pods_kyutechapp2017.framework */,
				1BECC88191FF389BFE51FE2C /* Pods_kyutechapp2017Tests.framework */,
				491DC7FFDDF3797811D3C458 /* Pods_kyutechapp2017UITests.framework */,
			);
			name = Frameworks;
			sourceTree = "<group>";
		};
		DE4421695142AF42372EBCEB /* Pods */ = {
			isa = PBXGroup;
			children = (
				862A9C6A674B073DE2B58D15 /* Pods-kyutechapp2017Tests.debug.xcconfig */,
				0C274BEE76854B0948CC3B92 /* Pods-kyutechapp2017Tests.release.xcconfig */,
				6A823575E550BFC38C3114FA /* Pods-kyutechapp2017UITests.debug.xcconfig */,
				1D3E9EE4B8F3545C40B579DF /* Pods-kyutechapp2017UITests.release.xcconfig */,
				728A5A54CA0DABEB61D44F37 /* Pods-kyutechapp2017.debug.xcconfig */,
				509D623E1032D1DE252D8BA1 /* Pods-kyutechapp2017.release.xcconfig */,
			);
			name = Pods;
			sourceTree = "<group>";
		};
/* End PBXGroup section */

/* Begin PBXNativeTarget section */
		20613F381E628C1D00FCC3FA /* dev-kyutechapp2017 */ = {
			isa = PBXNativeTarget;
			buildConfigurationList = 20613F4E1E628C1D00FCC3FA /* Build configuration list for PBXNativeTarget "dev-kyutechapp2017" */;
			buildPhases = (
				20613F3A1E628C1D00FCC3FA /* Sources */,
				20613F411E628C1D00FCC3FA /* Frameworks */,
				20613F431E628C1D00FCC3FA /* Resources */,
			);
			buildRules = (
			);
			dependencies = (
			);
			name = "dev-kyutechapp2017";
			productName = kyutechapp2017;
			productReference = 20613F511E628C1D00FCC3FA /* dev-kyutechapp2017.app */;
			productType = "com.apple.product-type.application";
		};
		20613F531E628C2300FCC3FA /* demo-kyutechapp2017 */ = {
			isa = PBXNativeTarget;
			buildConfigurationList = 20613F691E628C2300FCC3FA /* Build configuration list for PBXNativeTarget "demo-kyutechapp2017" */;
			buildPhases = (
				20613F551E628C2300FCC3FA /* Sources */,
				20613F5C1E628C2300FCC3FA /* Frameworks */,
				20613F5E1E628C2300FCC3FA /* Resources */,
			);
			buildRules = (
			);
			dependencies = (
			);
			name = "demo-kyutechapp2017";
			productName = kyutechapp2017;
			productReference = 20613F6C1E628C2300FCC3FA /* demo-kyutechapp2017.app */;
			productType = "com.apple.product-type.application";
		};
		20BF1D451E546AD600D36C38 /* kyutechapp2017 */ = {
			isa = PBXNativeTarget;
			buildConfigurationList = 20BF1D6E1E546AD600D36C38 /* Build configuration list for PBXNativeTarget "kyutechapp2017" */;
			buildPhases = (
				59DC80C4F009DFAD65474603 /* [CP] Check Pods Manifest.lock */,
				20BF1D421E546AD600D36C38 /* Sources */,
				20BF1D431E546AD600D36C38 /* Frameworks */,
				20BF1D441E546AD600D36C38 /* Resources */,
				9A3D6DF5438ED1B9DCD30ABE /* [CP] Embed Pods Frameworks */,
				07865233890AEC2C850F07A3 /* [CP] Copy Pods Resources */,
				20613F7E1E629BBA00FCC3FA /* ShellScript */,
			);
			buildRules = (
			);
			dependencies = (
			);
			name = kyutechapp2017;
			productName = kyutechapp2017;
			productReference = 20BF1D461E546AD600D36C38 /* kyutechapp2017.app */;
			productType = "com.apple.product-type.application";
		};
		20BF1D591E546AD600D36C38 /* kyutechapp2017Tests */ = {
			isa = PBXNativeTarget;
			buildConfigurationList = 20BF1D711E546AD600D36C38 /* Build configuration list for PBXNativeTarget "kyutechapp2017Tests" */;
			buildPhases = (
				930ECBFC8BD91DC66B1E2AF8 /* [CP] Check Pods Manifest.lock */,
				20BF1D561E546AD600D36C38 /* Sources */,
				20BF1D571E546AD600D36C38 /* Frameworks */,
				20BF1D581E546AD600D36C38 /* Resources */,
				122C4E50F4104E9B90FFD700 /* [CP] Embed Pods Frameworks */,
				85E347D637DA849A5550D12D /* [CP] Copy Pods Resources */,
			);
			buildRules = (
			);
			dependencies = (
				20BF1D5C1E546AD600D36C38 /* PBXTargetDependency */,
			);
			name = kyutechapp2017Tests;
			productName = kyutechapp2017Tests;
			productReference = 20BF1D5A1E546AD600D36C38 /* kyutechapp2017Tests.xctest */;
			productType = "com.apple.product-type.bundle.unit-test";
		};
		20BF1D641E546AD600D36C38 /* kyutechapp2017UITests */ = {
			isa = PBXNativeTarget;
			buildConfigurationList = 20BF1D741E546AD600D36C38 /* Build configuration list for PBXNativeTarget "kyutechapp2017UITests" */;
			buildPhases = (
				C9B8A8625C82885FBB54849B /* [CP] Check Pods Manifest.lock */,
				20BF1D611E546AD600D36C38 /* Sources */,
				20BF1D621E546AD600D36C38 /* Frameworks */,
				20BF1D631E546AD600D36C38 /* Resources */,
				41312301EE154ED552ACA3D4 /* [CP] Embed Pods Frameworks */,
				82DA456AE5A0B9A1334142EE /* [CP] Copy Pods Resources */,
			);
			buildRules = (
			);
			dependencies = (
				20BF1D671E546AD600D36C38 /* PBXTargetDependency */,
			);
			name = kyutechapp2017UITests;
			productName = kyutechapp2017UITests;
			productReference = 20BF1D651E546AD600D36C38 /* kyutechapp2017UITests.xctest */;
			productType = "com.apple.product-type.bundle.ui-testing";
		};
/* End PBXNativeTarget section */

/* Begin PBXProject section */
		20BF1D3E1E546AD600D36C38 /* Project object */ = {
			isa = PBXProject;
			attributes = {
				LastSwiftUpdateCheck = 0820;
				LastUpgradeCheck = 0820;
				ORGANIZATIONNAME = "塩田宰";
				TargetAttributes = {
					20BF1D451E546AD600D36C38 = {
						CreatedOnToolsVersion = 8.2.1;
						DevelopmentTeam = 2E5E462W28;
						ProvisioningStyle = Automatic;
					};
					20BF1D591E546AD600D36C38 = {
						CreatedOnToolsVersion = 8.2.1;
						ProvisioningStyle = Automatic;
						TestTargetID = 20BF1D451E546AD600D36C38;
					};
					20BF1D641E546AD600D36C38 = {
						CreatedOnToolsVersion = 8.2.1;
						ProvisioningStyle = Automatic;
						TestTargetID = 20BF1D451E546AD600D36C38;
					};
				};
			};
			buildConfigurationList = 20BF1D411E546AD600D36C38 /* Build configuration list for PBXProject "kyutechapp2017" */;
			compatibilityVersion = "Xcode 3.2";
			developmentRegion = English;
			hasScannedForEncodings = 0;
			knownRegions = (
				en,
				Base,
			);
			mainGroup = 20BF1D3D1E546AD600D36C38;
			productRefGroup = 20BF1D471E546AD600D36C38 /* Products */;
			projectDirPath = "";
			projectRoot = "";
			targets = (
				20BF1D451E546AD600D36C38 /* kyutechapp2017 */,
				20613F381E628C1D00FCC3FA /* dev-kyutechapp2017 */,
				20613F531E628C2300FCC3FA /* demo-kyutechapp2017 */,
				20BF1D591E546AD600D36C38 /* kyutechapp2017Tests */,
				20BF1D641E546AD600D36C38 /* kyutechapp2017UITests */,
			);
		};
/* End PBXProject section */

/* Begin PBXResourcesBuildPhase section */
		20613F431E628C1D00FCC3FA /* Resources */ = {
			isa = PBXResourcesBuildPhase;
			buildActionMask = 2147483647;
			files = (
				20613F441E628C1D00FCC3FA /* PeriodOfTime.xib in Resources */,
				20613F451E628C1D00FCC3FA /* LaunchScreen.storyboard in Resources */,
				20613F461E628C1D00FCC3FA /* Assets.xcassets in Resources */,
				20F03E121E655022002A3480 /* Timetable.storyboard in Resources */,
				20613F471E628C1D00FCC3FA /* DayOfWeek.xib in Resources */,
				20613F481E628C1D00FCC3FA /* BulletinBoard.storyboard in Resources */,
				20613F4A1E628C1D00FCC3FA /* Main.storyboard in Resources */,
				206BC8301E6C51AA0089BA6B /* ClasstableCell.xib in Resources */,
				20613F7A1E62972100FCC3FA /* DevApi.plist in Resources */,
				20613F4B1E628C1D00FCC3FA /* Setting.storyboard in Resources */,
			);
			runOnlyForDeploymentPostprocessing = 0;
		};
		20613F5E1E628C2300FCC3FA /* Resources */ = {
			isa = PBXResourcesBuildPhase;
			buildActionMask = 2147483647;
			files = (
				20613F5F1E628C2300FCC3FA /* PeriodOfTime.xib in Resources */,
				20613F601E628C2300FCC3FA /* LaunchScreen.storyboard in Resources */,
				20613F7C1E62973200FCC3FA /* DemoApi.plist in Resources */,
				20F03E131E655023002A3480 /* Timetable.storyboard in Resources */,
				20613F611E628C2300FCC3FA /* Assets.xcassets in Resources */,
				20613F621E628C2300FCC3FA /* DayOfWeek.xib in Resources */,
				20613F631E628C2300FCC3FA /* BulletinBoard.storyboard in Resources */,
				206BC8311E6C51AA0089BA6B /* ClasstableCell.xib in Resources */,
				20613F651E628C2300FCC3FA /* Main.storyboard in Resources */,
				20613F661E628C2300FCC3FA /* Setting.storyboard in Resources */,
			);
			runOnlyForDeploymentPostprocessing = 0;
		};
		20BF1D441E546AD600D36C38 /* Resources */ = {
			isa = PBXResourcesBuildPhase;
			buildActionMask = 2147483647;
			files = (
				20613F781E6296FF00FCC3FA /* Api.plist in Resources */,
				20CBD4681E57F519006333C3 /* PeriodOfTime.xib in Resources */,
				20BF1D541E546AD600D36C38 /* LaunchScreen.storyboard in Resources */,
				20F03E111E655021002A3480 /* Timetable.storyboard in Resources */,
				20BF1D511E546AD600D36C38 /* Assets.xcassets in Resources */,
				20C47B131E570F7700C53FF1 /* DayOfWeek.xib in Resources */,
				20BF1D971E54795000D36C38 /* BulletinBoard.storyboard in Resources */,
				206BC82F1E6C51AA0089BA6B /* ClasstableCell.xib in Resources */,
				20BF1D4F1E546AD600D36C38 /* Main.storyboard in Resources */,
				20BF1D9B1E54798900D36C38 /* Setting.storyboard in Resources */,
			);
			runOnlyForDeploymentPostprocessing = 0;
		};
		20BF1D581E546AD600D36C38 /* Resources */ = {
			isa = PBXResourcesBuildPhase;
			buildActionMask = 2147483647;
			files = (
			);
			runOnlyForDeploymentPostprocessing = 0;
		};
		20BF1D631E546AD600D36C38 /* Resources */ = {
			isa = PBXResourcesBuildPhase;
			buildActionMask = 2147483647;
			files = (
			);
			runOnlyForDeploymentPostprocessing = 0;
		};
/* End PBXResourcesBuildPhase section */

/* Begin PBXShellScriptBuildPhase section */
		07865233890AEC2C850F07A3 /* [CP] Copy Pods Resources */ = {
			isa = PBXShellScriptBuildPhase;
			buildActionMask = 2147483647;
			files = (
			);
			inputPaths = (
			);
			name = "[CP] Copy Pods Resources";
			outputPaths = (
			);
			runOnlyForDeploymentPostprocessing = 0;
			shellPath = /bin/sh;
			shellScript = "\"${SRCROOT}/Pods/Target Support Files/Pods-kyutechapp2017/Pods-kyutechapp2017-resources.sh\"\n";
			showEnvVarsInLog = 0;
		};
		122C4E50F4104E9B90FFD700 /* [CP] Embed Pods Frameworks */ = {
			isa = PBXShellScriptBuildPhase;
			buildActionMask = 2147483647;
			files = (
			);
			inputPaths = (
			);
			name = "[CP] Embed Pods Frameworks";
			outputPaths = (
			);
			runOnlyForDeploymentPostprocessing = 0;
			shellPath = /bin/sh;
			shellScript = "\"${SRCROOT}/Pods/Target Support Files/Pods-kyutechapp2017Tests/Pods-kyutechapp2017Tests-frameworks.sh\"\n";
			showEnvVarsInLog = 0;
		};
		20613F7E1E629BBA00FCC3FA /* ShellScript */ = {
			isa = PBXShellScriptBuildPhase;
			buildActionMask = 2147483647;
			files = (
			);
			inputPaths = (
			);
			outputPaths = (
			);
			runOnlyForDeploymentPostprocessing = 0;
			shellPath = /bin/sh;
			shellScript = "\"${PODS_ROOT}/Fabric/run\" 41b2c52a6e0c7115b176016aa8cc15fc31c467a3 95e057141864de1004e6728dcaac78f908c937db9447e76a5e75f3f736529448\n";
		};
		41312301EE154ED552ACA3D4 /* [CP] Embed Pods Frameworks */ = {
			isa = PBXShellScriptBuildPhase;
			buildActionMask = 2147483647;
			files = (
			);
			inputPaths = (
			);
			name = "[CP] Embed Pods Frameworks";
			outputPaths = (
			);
			runOnlyForDeploymentPostprocessing = 0;
			shellPath = /bin/sh;
			shellScript = "\"${SRCROOT}/Pods/Target Support Files/Pods-kyutechapp2017UITests/Pods-kyutechapp2017UITests-frameworks.sh\"\n";
			showEnvVarsInLog = 0;
		};
		59DC80C4F009DFAD65474603 /* [CP] Check Pods Manifest.lock */ = {
			isa = PBXShellScriptBuildPhase;
			buildActionMask = 2147483647;
			files = (
			);
			inputPaths = (
			);
			name = "[CP] Check Pods Manifest.lock";
			outputPaths = (
			);
			runOnlyForDeploymentPostprocessing = 0;
			shellPath = /bin/sh;
			shellScript = "diff \"${PODS_PODFILE_DIR_PATH}/Podfile.lock\" \"${PODS_ROOT}/Manifest.lock\" > /dev/null\nif [ $? != 0 ] ; then\n    # print error to STDERR\n    echo \"error: The sandbox is not in sync with the Podfile.lock. Run 'pod install' or update your CocoaPods installation.\" >&2\n    exit 1\nfi\n";
			showEnvVarsInLog = 0;
		};
		82DA456AE5A0B9A1334142EE /* [CP] Copy Pods Resources */ = {
			isa = PBXShellScriptBuildPhase;
			buildActionMask = 2147483647;
			files = (
			);
			inputPaths = (
			);
			name = "[CP] Copy Pods Resources";
			outputPaths = (
			);
			runOnlyForDeploymentPostprocessing = 0;
			shellPath = /bin/sh;
			shellScript = "\"${SRCROOT}/Pods/Target Support Files/Pods-kyutechapp2017UITests/Pods-kyutechapp2017UITests-resources.sh\"\n";
			showEnvVarsInLog = 0;
		};
		85E347D637DA849A5550D12D /* [CP] Copy Pods Resources */ = {
			isa = PBXShellScriptBuildPhase;
			buildActionMask = 2147483647;
			files = (
			);
			inputPaths = (
			);
			name = "[CP] Copy Pods Resources";
			outputPaths = (
			);
			runOnlyForDeploymentPostprocessing = 0;
			shellPath = /bin/sh;
			shellScript = "\"${SRCROOT}/Pods/Target Support Files/Pods-kyutechapp2017Tests/Pods-kyutechapp2017Tests-resources.sh\"\n";
			showEnvVarsInLog = 0;
		};
		930ECBFC8BD91DC66B1E2AF8 /* [CP] Check Pods Manifest.lock */ = {
			isa = PBXShellScriptBuildPhase;
			buildActionMask = 2147483647;
			files = (
			);
			inputPaths = (
			);
			name = "[CP] Check Pods Manifest.lock";
			outputPaths = (
			);
			runOnlyForDeploymentPostprocessing = 0;
			shellPath = /bin/sh;
			shellScript = "diff \"${PODS_PODFILE_DIR_PATH}/Podfile.lock\" \"${PODS_ROOT}/Manifest.lock\" > /dev/null\nif [ $? != 0 ] ; then\n    # print error to STDERR\n    echo \"error: The sandbox is not in sync with the Podfile.lock. Run 'pod install' or update your CocoaPods installation.\" >&2\n    exit 1\nfi\n";
			showEnvVarsInLog = 0;
		};
		9A3D6DF5438ED1B9DCD30ABE /* [CP] Embed Pods Frameworks */ = {
			isa = PBXShellScriptBuildPhase;
			buildActionMask = 2147483647;
			files = (
			);
			inputPaths = (
			);
			name = "[CP] Embed Pods Frameworks";
			outputPaths = (
			);
			runOnlyForDeploymentPostprocessing = 0;
			shellPath = /bin/sh;
			shellScript = "\"${SRCROOT}/Pods/Target Support Files/Pods-kyutechapp2017/Pods-kyutechapp2017-frameworks.sh\"\n";
			showEnvVarsInLog = 0;
		};
		C9B8A8625C82885FBB54849B /* [CP] Check Pods Manifest.lock */ = {
			isa = PBXShellScriptBuildPhase;
			buildActionMask = 2147483647;
			files = (
			);
			inputPaths = (
			);
			name = "[CP] Check Pods Manifest.lock";
			outputPaths = (
			);
			runOnlyForDeploymentPostprocessing = 0;
			shellPath = /bin/sh;
			shellScript = "diff \"${PODS_PODFILE_DIR_PATH}/Podfile.lock\" \"${PODS_ROOT}/Manifest.lock\" > /dev/null\nif [ $? != 0 ] ; then\n    # print error to STDERR\n    echo \"error: The sandbox is not in sync with the Podfile.lock. Run 'pod install' or update your CocoaPods installation.\" >&2\n    exit 1\nfi\n";
			showEnvVarsInLog = 0;
		};
/* End PBXShellScriptBuildPhase section */

/* Begin PBXSourcesBuildPhase section */
		20613F3A1E628C1D00FCC3FA /* Sources */ = {
			isa = PBXSourcesBuildPhase;
			buildActionMask = 2147483647;
			files = (
				206BC82C1E6C516F0089BA6B /* ClasstableCell.swift in Sources */,
				20613F3B1E628C1D00FCC3FA /* DetailPageViewController.swift in Sources */,
				20A41D171E63D64B00CC1826 /* Kyutechapp2017.swift in Sources */,
				2073EECE1EAA28ED00B571D3 /* KyutechRealm.swift in Sources */,
				20613F3C1E628C1D00FCC3FA /* DayOfWeek.swift in Sources */,
				2076FA8A1E6FEE6A0054ACD9 /* UserTimetable.swift in Sources */,
				20613F3D1E628C1D00FCC3FA /* TimetableViewController.swift in Sources */,
				20613F3E1E628C1D00FCC3FA /* TimetableCell.swift in Sources */,
				20F03E0C1E654F9F002A3480 /* Config.swift in Sources */,
				20D5E11A1EBF606100AC814B /* UserSetting.swift in Sources */,
				20613F3F1E628C1D00FCC3FA /* PeriodOfTime.swift in Sources */,
			);
			runOnlyForDeploymentPostprocessing = 0;
		};
		20613F551E628C2300FCC3FA /* Sources */ = {
			isa = PBXSourcesBuildPhase;
			buildActionMask = 2147483647;
			files = (
				206BC82D1E6C516F0089BA6B /* ClasstableCell.swift in Sources */,
				20613F561E628C2300FCC3FA /* DetailPageViewController.swift in Sources */,
				20A41D181E63D64B00CC1826 /* Kyutechapp2017.swift in Sources */,
				2073EECF1EAA28ED00B571D3 /* KyutechRealm.swift in Sources */,
				20613F571E628C2300FCC3FA /* DayOfWeek.swift in Sources */,
				2076FA8B1E6FEE6A0054ACD9 /* UserTimetable.swift in Sources */,
				20613F581E628C2300FCC3FA /* TimetableViewController.swift in Sources */,
				20613F591E628C2300FCC3FA /* TimetableCell.swift in Sources */,
				20F03E0D1E654F9F002A3480 /* Config.swift in Sources */,
				20D5E11B1EBF606100AC814B /* UserSetting.swift in Sources */,
				20613F5A1E628C2300FCC3FA /* PeriodOfTime.swift in Sources */,
			);
			runOnlyForDeploymentPostprocessing = 0;
		};
		20BF1D421E546AD600D36C38 /* Sources */ = {
			isa = PBXSourcesBuildPhase;
			buildActionMask = 2147483647;
			files = (
				E643D71D1E648A68003F540A /* CategoryButtonModel.swift in Sources */,
				E64E21891E598C6C00527DC5 /* BulletinBoardViewController.swift in Sources */,
				E6F4E5C71E76528B0049E007 /* DetailCell.swift in Sources */,
				E69CC0071EEAD0F4005A5713 /* Router.swift in Sources */,
				E6B26B331EA4C8510062B5C0 /* Bulletin.swift in Sources */,
				E6B26B351EA4CFA70062B5C0 /* BulletinModel.swift in Sources */,
				E69CC0091EEAD121005A5713 /* APIService.swift in Sources */,
				E6F4E5C91E765B1D0049E007 /* FoldingCell.swift in Sources */,
				E63AEE201E68441E00C20F4A /* DetailViewController.swift in Sources */,
				206BC82B1E6C516F0089BA6B /* ClasstableCell.swift in Sources */,
				20D097C01E597F53002F73D4 /* DetailPageViewController.swift in Sources */,
				20C47B171E5739BE00C53FF1 /* DayOfWeek.swift in Sources */,
				2073EECD1EAA28ED00B571D3 /* KyutechRealm.swift in Sources */,
				E6BA5F271F011C53008C4A37 /* ColorManager.swift in Sources */,
				20C47B191E57436600C53FF1 /* TimetableViewController.swift in Sources */,
				2076FA891E6FEE6A0054ACD9 /* UserTimetable.swift in Sources */,
				20613F751E62969C00FCC3FA /* Config.swift in Sources */,
				20C745AF1E5EA9B400978A72 /* TimetableCell.swift in Sources */,
				20CBD46A1E57F883006333C3 /* PeriodOfTime.swift in Sources */,
				20D5E1191EBF606100AC814B /* UserSetting.swift in Sources */,
				20BF1D4A1E546AD600D36C38 /* AppDelegate.swift in Sources */,
				20A41D161E63D64B00CC1826 /* Kyutechapp2017.swift in Sources */,
			);
			runOnlyForDeploymentPostprocessing = 0;
		};
		20BF1D561E546AD600D36C38 /* Sources */ = {
			isa = PBXSourcesBuildPhase;
			buildActionMask = 2147483647;
			files = (
				20BF1D5F1E546AD600D36C38 /* kyutechapp2017Tests.swift in Sources */,
			);
			runOnlyForDeploymentPostprocessing = 0;
		};
		20BF1D611E546AD600D36C38 /* Sources */ = {
			isa = PBXSourcesBuildPhase;
			buildActionMask = 2147483647;
			files = (
				20BF1D6A1E546AD600D36C38 /* kyutechapp2017UITests.swift in Sources */,
			);
			runOnlyForDeploymentPostprocessing = 0;
		};
/* End PBXSourcesBuildPhase section */

/* Begin PBXTargetDependency section */
		20BF1D5C1E546AD600D36C38 /* PBXTargetDependency */ = {
			isa = PBXTargetDependency;
			target = 20BF1D451E546AD600D36C38 /* kyutechapp2017 */;
			targetProxy = 20BF1D5B1E546AD600D36C38 /* PBXContainerItemProxy */;
		};
		20BF1D671E546AD600D36C38 /* PBXTargetDependency */ = {
			isa = PBXTargetDependency;
			target = 20BF1D451E546AD600D36C38 /* kyutechapp2017 */;
			targetProxy = 20BF1D661E546AD600D36C38 /* PBXContainerItemProxy */;
		};
/* End PBXTargetDependency section */

/* Begin PBXVariantGroup section */
		20BF1D4D1E546AD600D36C38 /* Main.storyboard */ = {
			isa = PBXVariantGroup;
			children = (
				20BF1D4E1E546AD600D36C38 /* Base */,
			);
			name = Main.storyboard;
			sourceTree = "<group>";
		};
		20BF1D521E546AD600D36C38 /* LaunchScreen.storyboard */ = {
			isa = PBXVariantGroup;
			children = (
				20BF1D531E546AD600D36C38 /* Base */,
			);
			name = LaunchScreen.storyboard;
			sourceTree = "<group>";
		};
/* End PBXVariantGroup section */

/* Begin XCBuildConfiguration section */
		20613F4F1E628C1D00FCC3FA /* Debug */ = {
			isa = XCBuildConfiguration;
			buildSettings = {
				ASSETCATALOG_COMPILER_APPICON_NAME = AppIcon;
				DEBUG_INFORMATION_FORMAT = "dwarf-with-dsym";
				INFOPLIST_FILE = "kyutechapp2017/dev-kyutechapp2017.plist";
				LD_RUNPATH_SEARCH_PATHS = "$(inherited) @executable_path/Frameworks";
				OTHER_SWIFT_FLAGS = "$(inherited) \"-D\" \"COCOAPODS\" -D DEV";
				PRODUCT_BUNDLE_IDENTIFIER = com.planningdev.kyutechapp2017.dev;
				PRODUCT_NAME = "$(TARGET_NAME)";
				SWIFT_VERSION = 3.0;
			};
			name = Debug;
		};
		20613F501E628C1D00FCC3FA /* Release */ = {
			isa = XCBuildConfiguration;
			buildSettings = {
				ASSETCATALOG_COMPILER_APPICON_NAME = AppIcon;
				DEBUG_INFORMATION_FORMAT = "dwarf-with-dsym";
				INFOPLIST_FILE = "kyutechapp2017/dev-kyutechapp2017.plist";
				LD_RUNPATH_SEARCH_PATHS = "$(inherited) @executable_path/Frameworks";
				OTHER_SWIFT_FLAGS = "$(inherited) \"-D\" \"COCOAPODS\" -D DEV";
				PRODUCT_BUNDLE_IDENTIFIER = com.planningdev.kyutechapp2017.dev;
				PRODUCT_NAME = "$(TARGET_NAME)";
				SWIFT_VERSION = 3.0;
			};
			name = Release;
		};
		20613F6A1E628C2300FCC3FA /* Debug */ = {
			isa = XCBuildConfiguration;
			buildSettings = {
				ASSETCATALOG_COMPILER_APPICON_NAME = AppIcon;
				DEBUG_INFORMATION_FORMAT = "dwarf-with-dsym";
				INFOPLIST_FILE = "kyutechapp2017/demo-kyutechapp2017.plist";
				LD_RUNPATH_SEARCH_PATHS = "$(inherited) @executable_path/Frameworks";
				OTHER_SWIFT_FLAGS = "$(inherited) \"-D\" \"COCOAPODS\" -D DEMO";
				PRODUCT_BUNDLE_IDENTIFIER = com.planningdev.kyutechapp2017.demo;
				PRODUCT_NAME = "$(TARGET_NAME)";
				SWIFT_VERSION = 3.0;
			};
			name = Debug;
		};
		20613F6B1E628C2300FCC3FA /* Release */ = {
			isa = XCBuildConfiguration;
			buildSettings = {
				ASSETCATALOG_COMPILER_APPICON_NAME = AppIcon;
				DEBUG_INFORMATION_FORMAT = "dwarf-with-dsym";
				INFOPLIST_FILE = "kyutechapp2017/demo-kyutechapp2017.plist";
				LD_RUNPATH_SEARCH_PATHS = "$(inherited) @executable_path/Frameworks";
				OTHER_SWIFT_FLAGS = "$(inherited) \"-D\" \"COCOAPODS\" -D DEMO";
				PRODUCT_BUNDLE_IDENTIFIER = com.planningdev.kyutechapp2017.demo;
				PRODUCT_NAME = "$(TARGET_NAME)";
				SWIFT_VERSION = 3.0;
			};
			name = Release;
		};
		20BF1D6C1E546AD600D36C38 /* Debug */ = {
			isa = XCBuildConfiguration;
			buildSettings = {
				ALWAYS_SEARCH_USER_PATHS = NO;
				CLANG_ANALYZER_NONNULL = YES;
				CLANG_CXX_LANGUAGE_STANDARD = "gnu++0x";
				CLANG_CXX_LIBRARY = "libc++";
				CLANG_ENABLE_MODULES = YES;
				CLANG_ENABLE_OBJC_ARC = YES;
				CLANG_WARN_BOOL_CONVERSION = YES;
				CLANG_WARN_CONSTANT_CONVERSION = YES;
				CLANG_WARN_DIRECT_OBJC_ISA_USAGE = YES_ERROR;
				CLANG_WARN_DOCUMENTATION_COMMENTS = YES;
				CLANG_WARN_EMPTY_BODY = YES;
				CLANG_WARN_ENUM_CONVERSION = YES;
				CLANG_WARN_INFINITE_RECURSION = YES;
				CLANG_WARN_INT_CONVERSION = YES;
				CLANG_WARN_OBJC_ROOT_CLASS = YES_ERROR;
				CLANG_WARN_SUSPICIOUS_MOVE = YES;
				CLANG_WARN_UNREACHABLE_CODE = YES;
				CLANG_WARN__DUPLICATE_METHOD_MATCH = YES;
				"CODE_SIGN_IDENTITY[sdk=iphoneos*]" = "iPhone Developer";
				COPY_PHASE_STRIP = NO;
				DEBUG_INFORMATION_FORMAT = dwarf;
				ENABLE_STRICT_OBJC_MSGSEND = YES;
				ENABLE_TESTABILITY = YES;
				GCC_C_LANGUAGE_STANDARD = gnu99;
				GCC_DYNAMIC_NO_PIC = NO;
				GCC_NO_COMMON_BLOCKS = YES;
				GCC_OPTIMIZATION_LEVEL = 0;
				GCC_PREPROCESSOR_DEFINITIONS = (
					"DEBUG=1",
					"$(inherited)",
				);
				GCC_WARN_64_TO_32_BIT_CONVERSION = YES;
				GCC_WARN_ABOUT_RETURN_TYPE = YES_ERROR;
				GCC_WARN_UNDECLARED_SELECTOR = YES;
				GCC_WARN_UNINITIALIZED_AUTOS = YES_AGGRESSIVE;
				GCC_WARN_UNUSED_FUNCTION = YES;
				GCC_WARN_UNUSED_VARIABLE = YES;
				IPHONEOS_DEPLOYMENT_TARGET = 10.2;
				MTL_ENABLE_DEBUG_INFO = YES;
				ONLY_ACTIVE_ARCH = YES;
				SDKROOT = iphoneos;
				SWIFT_ACTIVE_COMPILATION_CONDITIONS = DEBUG;
				SWIFT_OPTIMIZATION_LEVEL = "-Onone";
				TARGETED_DEVICE_FAMILY = "1,2";
			};
			name = Debug;
		};
		20BF1D6D1E546AD600D36C38 /* Release */ = {
			isa = XCBuildConfiguration;
			buildSettings = {
				ALWAYS_SEARCH_USER_PATHS = NO;
				CLANG_ANALYZER_NONNULL = YES;
				CLANG_CXX_LANGUAGE_STANDARD = "gnu++0x";
				CLANG_CXX_LIBRARY = "libc++";
				CLANG_ENABLE_MODULES = YES;
				CLANG_ENABLE_OBJC_ARC = YES;
				CLANG_WARN_BOOL_CONVERSION = YES;
				CLANG_WARN_CONSTANT_CONVERSION = YES;
				CLANG_WARN_DIRECT_OBJC_ISA_USAGE = YES_ERROR;
				CLANG_WARN_DOCUMENTATION_COMMENTS = YES;
				CLANG_WARN_EMPTY_BODY = YES;
				CLANG_WARN_ENUM_CONVERSION = YES;
				CLANG_WARN_INFINITE_RECURSION = YES;
				CLANG_WARN_INT_CONVERSION = YES;
				CLANG_WARN_OBJC_ROOT_CLASS = YES_ERROR;
				CLANG_WARN_SUSPICIOUS_MOVE = YES;
				CLANG_WARN_UNREACHABLE_CODE = YES;
				CLANG_WARN__DUPLICATE_METHOD_MATCH = YES;
				"CODE_SIGN_IDENTITY[sdk=iphoneos*]" = "iPhone Developer";
				COPY_PHASE_STRIP = NO;
				DEBUG_INFORMATION_FORMAT = "dwarf-with-dsym";
				ENABLE_NS_ASSERTIONS = NO;
				ENABLE_STRICT_OBJC_MSGSEND = YES;
				GCC_C_LANGUAGE_STANDARD = gnu99;
				GCC_NO_COMMON_BLOCKS = YES;
				GCC_WARN_64_TO_32_BIT_CONVERSION = YES;
				GCC_WARN_ABOUT_RETURN_TYPE = YES_ERROR;
				GCC_WARN_UNDECLARED_SELECTOR = YES;
				GCC_WARN_UNINITIALIZED_AUTOS = YES_AGGRESSIVE;
				GCC_WARN_UNUSED_FUNCTION = YES;
				GCC_WARN_UNUSED_VARIABLE = YES;
				IPHONEOS_DEPLOYMENT_TARGET = 10.2;
				MTL_ENABLE_DEBUG_INFO = NO;
				SDKROOT = iphoneos;
				SWIFT_OPTIMIZATION_LEVEL = "-Owholemodule";
				TARGETED_DEVICE_FAMILY = "1,2";
				VALIDATE_PRODUCT = YES;
			};
			name = Release;
		};
		20BF1D6F1E546AD600D36C38 /* Debug */ = {
			isa = XCBuildConfiguration;
			baseConfigurationReference = 728A5A54CA0DABEB61D44F37 /* Pods-kyutechapp2017.debug.xcconfig */;
			buildSettings = {
				ASSETCATALOG_COMPILER_APPICON_NAME = AppIcon;
				CODE_SIGN_IDENTITY = "iPhone Developer";
				DEBUG_INFORMATION_FORMAT = "dwarf-with-dsym";
				DEVELOPMENT_TEAM = 2E5E462W28;
				INFOPLIST_FILE = kyutechapp2017/Info.plist;
				LD_RUNPATH_SEARCH_PATHS = "$(inherited) @executable_path/Frameworks";
				OTHER_SWIFT_FLAGS = "$(inherited) \"-D\" \"COCOAPODS\" -D PRODUCTION";
				PRODUCT_BUNDLE_IDENTIFIER = com.planningdev.kyutechapp2017;
				PRODUCT_NAME = "$(TARGET_NAME)";
				SWIFT_OPTIMIZATION_LEVEL = "-Owholemodule";
				SWIFT_VERSION = 3.0;
			};
			name = Debug;
		};
		20BF1D701E546AD600D36C38 /* Release */ = {
			isa = XCBuildConfiguration;
			baseConfigurationReference = 509D623E1032D1DE252D8BA1 /* Pods-kyutechapp2017.release.xcconfig */;
			buildSettings = {
				ASSETCATALOG_COMPILER_APPICON_NAME = AppIcon;
				CODE_SIGN_IDENTITY = "iPhone Developer";
				DEBUG_INFORMATION_FORMAT = "dwarf-with-dsym";
				DEVELOPMENT_TEAM = 2E5E462W28;
				INFOPLIST_FILE = kyutechapp2017/Info.plist;
				LD_RUNPATH_SEARCH_PATHS = "$(inherited) @executable_path/Frameworks";
				OTHER_SWIFT_FLAGS = "$(inherited) \"-D\" \"COCOAPODS\" -D PRODUCTION";
				PRODUCT_BUNDLE_IDENTIFIER = com.planningdev.kyutechapp2017;
				PRODUCT_NAME = "$(TARGET_NAME)";
				SWIFT_OPTIMIZATION_LEVEL = "-Owholemodule";
				SWIFT_VERSION = 3.0;
			};
			name = Release;
		};
		20BF1D721E546AD600D36C38 /* Debug */ = {
			isa = XCBuildConfiguration;
			baseConfigurationReference = 862A9C6A674B073DE2B58D15 /* Pods-kyutechapp2017Tests.debug.xcconfig */;
			buildSettings = {
				ALWAYS_EMBED_SWIFT_STANDARD_LIBRARIES = YES;
				BUNDLE_LOADER = "$(TEST_HOST)";
				INFOPLIST_FILE = kyutechapp2017Tests/Info.plist;
				LD_RUNPATH_SEARCH_PATHS = "$(inherited) @executable_path/Frameworks @loader_path/Frameworks";
				PRODUCT_BUNDLE_IDENTIFIER = com.planningdev.kyutechapp2017Tests;
				PRODUCT_NAME = "$(TARGET_NAME)";
				SWIFT_VERSION = 3.0;
				TEST_HOST = "$(BUILT_PRODUCTS_DIR)/kyutechapp2017.app/kyutechapp2017";
			};
			name = Debug;
		};
		20BF1D731E546AD600D36C38 /* Release */ = {
			isa = XCBuildConfiguration;
			baseConfigurationReference = 0C274BEE76854B0948CC3B92 /* Pods-kyutechapp2017Tests.release.xcconfig */;
			buildSettings = {
				ALWAYS_EMBED_SWIFT_STANDARD_LIBRARIES = YES;
				BUNDLE_LOADER = "$(TEST_HOST)";
				INFOPLIST_FILE = kyutechapp2017Tests/Info.plist;
				LD_RUNPATH_SEARCH_PATHS = "$(inherited) @executable_path/Frameworks @loader_path/Frameworks";
				PRODUCT_BUNDLE_IDENTIFIER = com.planningdev.kyutechapp2017Tests;
				PRODUCT_NAME = "$(TARGET_NAME)";
				SWIFT_VERSION = 3.0;
				TEST_HOST = "$(BUILT_PRODUCTS_DIR)/kyutechapp2017.app/kyutechapp2017";
			};
			name = Release;
		};
		20BF1D751E546AD600D36C38 /* Debug */ = {
			isa = XCBuildConfiguration;
			baseConfigurationReference = 6A823575E550BFC38C3114FA /* Pods-kyutechapp2017UITests.debug.xcconfig */;
			buildSettings = {
				ALWAYS_EMBED_SWIFT_STANDARD_LIBRARIES = YES;
				INFOPLIST_FILE = kyutechapp2017UITests/Info.plist;
				LD_RUNPATH_SEARCH_PATHS = "$(inherited) @executable_path/Frameworks @loader_path/Frameworks";
				PRODUCT_BUNDLE_IDENTIFIER = com.planningdev.kyutechapp2017UITests;
				PRODUCT_NAME = "$(TARGET_NAME)";
				SWIFT_VERSION = 3.0;
				TEST_TARGET_NAME = kyutechapp2017;
			};
			name = Debug;
		};
		20BF1D761E546AD600D36C38 /* Release */ = {
			isa = XCBuildConfiguration;
			baseConfigurationReference = 1D3E9EE4B8F3545C40B579DF /* Pods-kyutechapp2017UITests.release.xcconfig */;
			buildSettings = {
				ALWAYS_EMBED_SWIFT_STANDARD_LIBRARIES = YES;
				INFOPLIST_FILE = kyutechapp2017UITests/Info.plist;
				LD_RUNPATH_SEARCH_PATHS = "$(inherited) @executable_path/Frameworks @loader_path/Frameworks";
				PRODUCT_BUNDLE_IDENTIFIER = com.planningdev.kyutechapp2017UITests;
				PRODUCT_NAME = "$(TARGET_NAME)";
				SWIFT_VERSION = 3.0;
				TEST_TARGET_NAME = kyutechapp2017;
			};
			name = Release;
		};
/* End XCBuildConfiguration section */

/* Begin XCConfigurationList section */
		20613F4E1E628C1D00FCC3FA /* Build configuration list for PBXNativeTarget "dev-kyutechapp2017" */ = {
			isa = XCConfigurationList;
			buildConfigurations = (
				20613F4F1E628C1D00FCC3FA /* Debug */,
				20613F501E628C1D00FCC3FA /* Release */,
			);
			defaultConfigurationIsVisible = 0;
			defaultConfigurationName = Release;
		};
		20613F691E628C2300FCC3FA /* Build configuration list for PBXNativeTarget "demo-kyutechapp2017" */ = {
			isa = XCConfigurationList;
			buildConfigurations = (
				20613F6A1E628C2300FCC3FA /* Debug */,
				20613F6B1E628C2300FCC3FA /* Release */,
			);
			defaultConfigurationIsVisible = 0;
			defaultConfigurationName = Release;
		};
		20BF1D411E546AD600D36C38 /* Build configuration list for PBXProject "kyutechapp2017" */ = {
			isa = XCConfigurationList;
			buildConfigurations = (
				20BF1D6C1E546AD600D36C38 /* Debug */,
				20BF1D6D1E546AD600D36C38 /* Release */,
			);
			defaultConfigurationIsVisible = 0;
			defaultConfigurationName = Release;
		};
		20BF1D6E1E546AD600D36C38 /* Build configuration list for PBXNativeTarget "kyutechapp2017" */ = {
			isa = XCConfigurationList;
			buildConfigurations = (
				20BF1D6F1E546AD600D36C38 /* Debug */,
				20BF1D701E546AD600D36C38 /* Release */,
			);
			defaultConfigurationIsVisible = 0;
			defaultConfigurationName = Release;
		};
		20BF1D711E546AD600D36C38 /* Build configuration list for PBXNativeTarget "kyutechapp2017Tests" */ = {
			isa = XCConfigurationList;
			buildConfigurations = (
				20BF1D721E546AD600D36C38 /* Debug */,
				20BF1D731E546AD600D36C38 /* Release */,
			);
			defaultConfigurationIsVisible = 0;
			defaultConfigurationName = Release;
		};
		20BF1D741E546AD600D36C38 /* Build configuration list for PBXNativeTarget "kyutechapp2017UITests" */ = {
			isa = XCConfigurationList;
			buildConfigurations = (
				20BF1D751E546AD600D36C38 /* Debug */,
				20BF1D761E546AD600D36C38 /* Release */,
			);
			defaultConfigurationIsVisible = 0;
			defaultConfigurationName = Release;
		};
/* End XCConfigurationList section */
	};
	rootObject = 20BF1D3E1E546AD600D36C38 /* Project object */;
}
